// !$*UTF8*$!
{
	archiveVersion = 1;
	classes = {
	};
	objectVersion = 55;
	objects = {

/* Begin PBXBuildFile section */
		89070C8C26979BE000DD632A /* WLED_SwiftApp.swift in Sources */ = {isa = PBXBuildFile; fileRef = 89070C8B26979BE000DD632A /* WLED_SwiftApp.swift */; };
		89070C8E26979BE000DD632A /* ContentView.swift in Sources */ = {isa = PBXBuildFile; fileRef = 89070C8D26979BE000DD632A /* ContentView.swift */; };
		89070C9026979BE300DD632A /* Assets.xcassets in Resources */ = {isa = PBXBuildFile; fileRef = 89070C8F26979BE300DD632A /* Assets.xcassets */; };
		89070C9326979BE300DD632A /* Preview Assets.xcassets in Resources */ = {isa = PBXBuildFile; fileRef = 89070C9226979BE300DD632A /* Preview Assets.xcassets */; };
		8911CDD62700A7E6001B2901 /* AddDeviceSheet.swift in Sources */ = {isa = PBXBuildFile; fileRef = 8911CDD52700A7E6001B2901 /* AddDeviceSheet.swift */; };
		8911CDDC2700AC58001B2901 /* Alamofire in Frameworks */ = {isa = PBXBuildFile; productRef = 8911CDDB2700AC58001B2901 /* Alamofire */; };
		8911CDDF2700AD83001B2901 /* HomeDeviceItem.swift in Sources */ = {isa = PBXBuildFile; fileRef = 8911CDDE2700AD83001B2901 /* HomeDeviceItem.swift */; };
		8911CDE12700ADFE001B2901 /* WledApiResponse.swift in Sources */ = {isa = PBXBuildFile; fileRef = 8911CDE02700ADFE001B2901 /* WledApiResponse.swift */; };
		8911CDE32700B0ED001B2901 /* WledApi.swift in Sources */ = {isa = PBXBuildFile; fileRef = 8911CDE22700B0ED001B2901 /* WledApi.swift */; };
		89783E5526C5423D00C544FA /* Bonjour.swift in Sources */ = {isa = PBXBuildFile; fileRef = 89783E5426C5423D00C544FA /* Bonjour.swift */; };
		89783E5826C5440D00C544FA /* HomeView.swift in Sources */ = {isa = PBXBuildFile; fileRef = 89783E5726C5440D00C544FA /* HomeView.swift */; };
		89783E5B26C5441A00C544FA /* HomeViewModel.swift in Sources */ = {isa = PBXBuildFile; fileRef = 89783E5A26C5441A00C544FA /* HomeViewModel.swift */; };
		89783E5D26C544E800C544FA /* DeviceView.swift in Sources */ = {isa = PBXBuildFile; fileRef = 89783E5C26C544E800C544FA /* DeviceView.swift */; };
		89783E5F26C5453D00C544FA /* WebView.swift in Sources */ = {isa = PBXBuildFile; fileRef = 89783E5E26C5453D00C544FA /* WebView.swift */; };
		89783E6126C5475600C544FA /* DiscoveryView.swift in Sources */ = {isa = PBXBuildFile; fileRef = 89783E6026C5475600C544FA /* DiscoveryView.swift */; };
		89783E6326C5476C00C544FA /* DiscoveryViewModel.swift in Sources */ = {isa = PBXBuildFile; fileRef = 89783E6226C5476C00C544FA /* DiscoveryViewModel.swift */; };
		89783E6726C5481E00C544FA /* ServiceAddListView.swift in Sources */ = {isa = PBXBuildFile; fileRef = 89783E6626C5481E00C544FA /* ServiceAddListView.swift */; };
		89BC760026C5A82400417380 /* Device.swift in Sources */ = {isa = PBXBuildFile; fileRef = 89BC75FF26C5A82400417380 /* Device.swift */; };
		89BC760226C5AAEA00417380 /* DeviceManager.swift in Sources */ = {isa = PBXBuildFile; fileRef = 89BC760126C5AAEA00417380 /* DeviceManager.swift */; };
/* End PBXBuildFile section */

/* Begin PBXFileReference section */
		89070C8826979BE000DD632A /* WLED Swift.app */ = {isa = PBXFileReference; explicitFileType = wrapper.application; includeInIndex = 0; path = "WLED Swift.app"; sourceTree = BUILT_PRODUCTS_DIR; };
		89070C8B26979BE000DD632A /* WLED_SwiftApp.swift */ = {isa = PBXFileReference; lastKnownFileType = sourcecode.swift; path = WLED_SwiftApp.swift; sourceTree = "<group>"; };
		89070C8D26979BE000DD632A /* ContentView.swift */ = {isa = PBXFileReference; lastKnownFileType = sourcecode.swift; path = ContentView.swift; sourceTree = "<group>"; };
		89070C8F26979BE300DD632A /* Assets.xcassets */ = {isa = PBXFileReference; lastKnownFileType = folder.assetcatalog; path = Assets.xcassets; sourceTree = "<group>"; };
		89070C9226979BE300DD632A /* Preview Assets.xcassets */ = {isa = PBXFileReference; lastKnownFileType = folder.assetcatalog; path = "Preview Assets.xcassets"; sourceTree = "<group>"; };
		8911CDD52700A7E6001B2901 /* AddDeviceSheet.swift */ = {isa = PBXFileReference; lastKnownFileType = sourcecode.swift; path = AddDeviceSheet.swift; sourceTree = "<group>"; };
		8911CDDE2700AD83001B2901 /* HomeDeviceItem.swift */ = {isa = PBXFileReference; lastKnownFileType = sourcecode.swift; path = HomeDeviceItem.swift; sourceTree = "<group>"; };
		8911CDE02700ADFE001B2901 /* WledApiResponse.swift */ = {isa = PBXFileReference; lastKnownFileType = sourcecode.swift; path = WledApiResponse.swift; sourceTree = "<group>"; };
		8911CDE22700B0ED001B2901 /* WledApi.swift */ = {isa = PBXFileReference; lastKnownFileType = sourcecode.swift; path = WledApi.swift; sourceTree = "<group>"; };
		8911CDE42700BBFF001B2901 /* README.md */ = {isa = PBXFileReference; lastKnownFileType = net.daringfireball.markdown; path = README.md; sourceTree = "<group>"; };
		8911CDE72700BD05001B2901 /* app-preview.gif */ = {isa = PBXFileReference; lastKnownFileType = image.gif; path = "app-preview.gif"; sourceTree = "<group>"; };
		895CBB2926984CB3008A5058 /* WLED-Swift-Info.plist */ = {isa = PBXFileReference; lastKnownFileType = text.plist; path = "WLED-Swift-Info.plist"; sourceTree = SOURCE_ROOT; };
		89783E5426C5423D00C544FA /* Bonjour.swift */ = {isa = PBXFileReference; lastKnownFileType = sourcecode.swift; path = Bonjour.swift; sourceTree = "<group>"; };
		89783E5726C5440D00C544FA /* HomeView.swift */ = {isa = PBXFileReference; lastKnownFileType = sourcecode.swift; path = HomeView.swift; sourceTree = "<group>"; };
		89783E5A26C5441A00C544FA /* HomeViewModel.swift */ = {isa = PBXFileReference; lastKnownFileType = sourcecode.swift; path = HomeViewModel.swift; sourceTree = "<group>"; };
		89783E5C26C544E800C544FA /* DeviceView.swift */ = {isa = PBXFileReference; lastKnownFileType = sourcecode.swift; path = DeviceView.swift; sourceTree = "<group>"; };
		89783E5E26C5453D00C544FA /* WebView.swift */ = {isa = PBXFileReference; lastKnownFileType = sourcecode.swift; path = WebView.swift; sourceTree = "<group>"; };
		89783E6026C5475600C544FA /* DiscoveryView.swift */ = {isa = PBXFileReference; lastKnownFileType = sourcecode.swift; path = DiscoveryView.swift; sourceTree = "<group>"; };
		89783E6226C5476C00C544FA /* DiscoveryViewModel.swift */ = {isa = PBXFileReference; lastKnownFileType = sourcecode.swift; path = DiscoveryViewModel.swift; sourceTree = "<group>"; };
		89783E6626C5481E00C544FA /* ServiceAddListView.swift */ = {isa = PBXFileReference; lastKnownFileType = sourcecode.swift; path = ServiceAddListView.swift; sourceTree = "<group>"; };
		89BC75FF26C5A82400417380 /* Device.swift */ = {isa = PBXFileReference; lastKnownFileType = sourcecode.swift; path = Device.swift; sourceTree = "<group>"; };
		89BC760126C5AAEA00417380 /* DeviceManager.swift */ = {isa = PBXFileReference; lastKnownFileType = sourcecode.swift; path = DeviceManager.swift; sourceTree = "<group>"; };
/* End PBXFileReference section */

/* Begin PBXFrameworksBuildPhase section */
		89070C8526979BE000DD632A /* Frameworks */ = {
			isa = PBXFrameworksBuildPhase;
			buildActionMask = 2147483647;
			files = (
				8911CDDC2700AC58001B2901 /* Alamofire in Frameworks */,
			);
			runOnlyForDeploymentPostprocessing = 0;
		};
/* End PBXFrameworksBuildPhase section */

/* Begin PBXGroup section */
		89070C7F26979BE000DD632A = {
			isa = PBXGroup;
			children = (
				8911CDE52700BC07001B2901 /* Screenshots */,
				8911CDE42700BBFF001B2901 /* README.md */,
				89070C8A26979BE000DD632A /* WLED Swift */,
				89070C8926979BE000DD632A /* Products */,
			);
			sourceTree = "<group>";
		};
		89070C8926979BE000DD632A /* Products */ = {
			isa = PBXGroup;
			children = (
				89070C8826979BE000DD632A /* WLED Swift.app */,
			);
			name = Products;
			sourceTree = "<group>";
		};
		89070C8A26979BE000DD632A /* WLED Swift */ = {
			isa = PBXGroup;
			children = (
				8911CDD22700A3B7001B2901 /* Shared */,
				89783E5926C5441100C544FA /* ViewModels */,
				89783E5626C5440400C544FA /* Views */,
				895CBB2926984CB3008A5058 /* WLED-Swift-Info.plist */,
				89070C8B26979BE000DD632A /* WLED_SwiftApp.swift */,
				89070C8D26979BE000DD632A /* ContentView.swift */,
				89070C8F26979BE300DD632A /* Assets.xcassets */,
				89070C9126979BE300DD632A /* Preview Content */,
			);
			path = "WLED Swift";
			sourceTree = "<group>";
		};
		89070C9126979BE300DD632A /* Preview Content */ = {
			isa = PBXGroup;
			children = (
				89070C9226979BE300DD632A /* Preview Assets.xcassets */,
			);
			path = "Preview Content";
			sourceTree = "<group>";
		};
		8911CDD22700A3B7001B2901 /* Shared */ = {
			isa = PBXGroup;
			children = (
				89BC760126C5AAEA00417380 /* DeviceManager.swift */,
				8911CDE22700B0ED001B2901 /* WledApi.swift */,
				89783E5426C5423D00C544FA /* Bonjour.swift */,
				89783E5E26C5453D00C544FA /* WebView.swift */,
				8911CDD32700A3BD001B2901 /* Structs */,
			);
			path = Shared;
			sourceTree = "<group>";
		};
		8911CDD32700A3BD001B2901 /* Structs */ = {
			isa = PBXGroup;
			children = (
				89BC75FF26C5A82400417380 /* Device.swift */,
				8911CDE02700ADFE001B2901 /* WledApiResponse.swift */,
			);
			path = Structs;
			sourceTree = "<group>";
		};
		8911CDD42700A7D6001B2901 /* Discovery */ = {
			isa = PBXGroup;
			children = (
				89783E6026C5475600C544FA /* DiscoveryView.swift */,
				8911CDD52700A7E6001B2901 /* AddDeviceSheet.swift */,
			);
			path = Discovery;
			sourceTree = "<group>";
		};
		8911CDD72700A879001B2901 /* Discovery */ = {
			isa = PBXGroup;
			children = (
				89783E6226C5476C00C544FA /* DiscoveryViewModel.swift */,
			);
			path = Discovery;
			sourceTree = "<group>";
		};
		8911CDDD2700AD76001B2901 /* Home */ = {
			isa = PBXGroup;
			children = (
				89783E5726C5440D00C544FA /* HomeView.swift */,
				8911CDDE2700AD83001B2901 /* HomeDeviceItem.swift */,
			);
			path = Home;
			sourceTree = "<group>";
		};
		8911CDE52700BC07001B2901 /* Screenshots */ = {
			isa = PBXGroup;
			children = (
				8911CDE72700BD05001B2901 /* app-preview.gif */,
			);
			path = Screenshots;
			sourceTree = "<group>";
		};
		89783E5626C5440400C544FA /* Views */ = {
			isa = PBXGroup;
			children = (
				8911CDDD2700AD76001B2901 /* Home */,
				8911CDD42700A7D6001B2901 /* Discovery */,
				89783E5C26C544E800C544FA /* DeviceView.swift */,
				89783E6626C5481E00C544FA /* ServiceAddListView.swift */,
			);
			path = Views;
			sourceTree = "<group>";
		};
		89783E5926C5441100C544FA /* ViewModels */ = {
			isa = PBXGroup;
			children = (
				8911CDD72700A879001B2901 /* Discovery */,
				89783E5A26C5441A00C544FA /* HomeViewModel.swift */,
			);
			path = ViewModels;
			sourceTree = "<group>";
		};
/* End PBXGroup section */

/* Begin PBXNativeTarget section */
		89070C8726979BE000DD632A /* WLED Swift */ = {
			isa = PBXNativeTarget;
			buildConfigurationList = 89070C9626979BE300DD632A /* Build configuration list for PBXNativeTarget "WLED Swift" */;
			buildPhases = (
				89070C8426979BE000DD632A /* Sources */,
				89070C8526979BE000DD632A /* Frameworks */,
				89070C8626979BE000DD632A /* Resources */,
			);
			buildRules = (
			);
			dependencies = (
			);
			name = "WLED Swift";
			packageProductDependencies = (
				8911CDDB2700AC58001B2901 /* Alamofire */,
			);
			productName = "WLED Swift";
			productReference = 89070C8826979BE000DD632A /* WLED Swift.app */;
			productType = "com.apple.product-type.application";
		};
/* End PBXNativeTarget section */

/* Begin PBXProject section */
		89070C8026979BE000DD632A /* Project object */ = {
			isa = PBXProject;
			attributes = {
				BuildIndependentTargetsInParallel = 1;
				LastSwiftUpdateCheck = 1300;
				LastUpgradeCheck = 1300;
				TargetAttributes = {
					89070C8726979BE000DD632A = {
						CreatedOnToolsVersion = 13.0;
					};
				};
			};
			buildConfigurationList = 89070C8326979BE000DD632A /* Build configuration list for PBXProject "WLED Swift" */;
			compatibilityVersion = "Xcode 13.0";
			developmentRegion = en;
			hasScannedForEncodings = 0;
			knownRegions = (
				en,
				Base,
			);
			mainGroup = 89070C7F26979BE000DD632A;
			packageReferences = (
				8911CDDA2700AC58001B2901 /* XCRemoteSwiftPackageReference "Alamofire" */,
			);
			productRefGroup = 89070C8926979BE000DD632A /* Products */;
			projectDirPath = "";
			projectRoot = "";
			targets = (
				89070C8726979BE000DD632A /* WLED Swift */,
			);
		};
/* End PBXProject section */

/* Begin PBXResourcesBuildPhase section */
		89070C8626979BE000DD632A /* Resources */ = {
			isa = PBXResourcesBuildPhase;
			buildActionMask = 2147483647;
			files = (
				89070C9326979BE300DD632A /* Preview Assets.xcassets in Resources */,
				89070C9026979BE300DD632A /* Assets.xcassets in Resources */,
			);
			runOnlyForDeploymentPostprocessing = 0;
		};
/* End PBXResourcesBuildPhase section */

/* Begin PBXSourcesBuildPhase section */
		89070C8426979BE000DD632A /* Sources */ = {
			isa = PBXSourcesBuildPhase;
			buildActionMask = 2147483647;
			files = (
				89070C8E26979BE000DD632A /* ContentView.swift in Sources */,
				89BC760226C5AAEA00417380 /* DeviceManager.swift in Sources */,
				89783E5F26C5453D00C544FA /* WebView.swift in Sources */,
				8911CDD62700A7E6001B2901 /* AddDeviceSheet.swift in Sources */,
				89783E5B26C5441A00C544FA /* HomeViewModel.swift in Sources */,
				89070C8C26979BE000DD632A /* WLED_SwiftApp.swift in Sources */,
				89783E5D26C544E800C544FA /* DeviceView.swift in Sources */,
				8911CDDF2700AD83001B2901 /* HomeDeviceItem.swift in Sources */,
				89783E6326C5476C00C544FA /* DiscoveryViewModel.swift in Sources */,
				8911CDE12700ADFE001B2901 /* WledApiResponse.swift in Sources */,
				89783E6726C5481E00C544FA /* ServiceAddListView.swift in Sources */,
				89783E5826C5440D00C544FA /* HomeView.swift in Sources */,
				89BC760026C5A82400417380 /* Device.swift in Sources */,
				89783E6126C5475600C544FA /* DiscoveryView.swift in Sources */,
				8911CDE32700B0ED001B2901 /* WledApi.swift in Sources */,
				89783E5526C5423D00C544FA /* Bonjour.swift in Sources */,
			);
			runOnlyForDeploymentPostprocessing = 0;
		};
/* End PBXSourcesBuildPhase section */

/* Begin XCBuildConfiguration section */
		89070C9426979BE300DD632A /* Debug */ = {
			isa = XCBuildConfiguration;
			buildSettings = {
				ALWAYS_SEARCH_USER_PATHS = NO;
				CLANG_ANALYZER_NONNULL = YES;
				CLANG_ANALYZER_NUMBER_OBJECT_CONVERSION = YES_AGGRESSIVE;
				CLANG_CXX_LANGUAGE_STANDARD = "gnu++14";
				CLANG_CXX_LIBRARY = "libc++";
				CLANG_ENABLE_MODULES = YES;
				CLANG_ENABLE_OBJC_ARC = YES;
				CLANG_ENABLE_OBJC_WEAK = YES;
				CLANG_WARN_BLOCK_CAPTURE_AUTORELEASING = YES;
				CLANG_WARN_BOOL_CONVERSION = YES;
				CLANG_WARN_COMMA = YES;
				CLANG_WARN_CONSTANT_CONVERSION = YES;
				CLANG_WARN_DEPRECATED_OBJC_IMPLEMENTATIONS = YES;
				CLANG_WARN_DIRECT_OBJC_ISA_USAGE = YES_ERROR;
				CLANG_WARN_DOCUMENTATION_COMMENTS = YES;
				CLANG_WARN_EMPTY_BODY = YES;
				CLANG_WARN_ENUM_CONVERSION = YES;
				CLANG_WARN_INFINITE_RECURSION = YES;
				CLANG_WARN_INT_CONVERSION = YES;
				CLANG_WARN_NON_LITERAL_NULL_CONVERSION = YES;
				CLANG_WARN_OBJC_IMPLICIT_RETAIN_SELF = YES;
				CLANG_WARN_OBJC_LITERAL_CONVERSION = YES;
				CLANG_WARN_OBJC_ROOT_CLASS = YES_ERROR;
				CLANG_WARN_QUOTED_INCLUDE_IN_FRAMEWORK_HEADER = YES;
				CLANG_WARN_RANGE_LOOP_ANALYSIS = YES;
				CLANG_WARN_STRICT_PROTOTYPES = YES;
				CLANG_WARN_SUSPICIOUS_MOVE = YES;
				CLANG_WARN_UNGUARDED_AVAILABILITY = YES_AGGRESSIVE;
				CLANG_WARN_UNREACHABLE_CODE = YES;
				CLANG_WARN__DUPLICATE_METHOD_MATCH = YES;
				COPY_PHASE_STRIP = NO;
				DEBUG_INFORMATION_FORMAT = dwarf;
				ENABLE_STRICT_OBJC_MSGSEND = YES;
				ENABLE_TESTABILITY = YES;
				GCC_C_LANGUAGE_STANDARD = gnu11;
				GCC_DYNAMIC_NO_PIC = NO;
				GCC_NO_COMMON_BLOCKS = YES;
				GCC_OPTIMIZATION_LEVEL = 0;
				GCC_PREPROCESSOR_DEFINITIONS = (
					"DEBUG=1",
					"$(inherited)",
				);
				GCC_WARN_64_TO_32_BIT_CONVERSION = YES;
				GCC_WARN_ABOUT_RETURN_TYPE = YES_ERROR;
				GCC_WARN_UNDECLARED_SELECTOR = YES;
				GCC_WARN_UNINITIALIZED_AUTOS = YES_AGGRESSIVE;
				GCC_WARN_UNUSED_FUNCTION = YES;
				GCC_WARN_UNUSED_VARIABLE = YES;
				IPHONEOS_DEPLOYMENT_TARGET = 15.0;
				MTL_ENABLE_DEBUG_INFO = INCLUDE_SOURCE;
				MTL_FAST_MATH = YES;
				ONLY_ACTIVE_ARCH = YES;
				SDKROOT = iphoneos;
				SWIFT_ACTIVE_COMPILATION_CONDITIONS = DEBUG;
				SWIFT_OPTIMIZATION_LEVEL = "-Onone";
			};
			name = Debug;
		};
		89070C9526979BE300DD632A /* Release */ = {
			isa = XCBuildConfiguration;
			buildSettings = {
				ALWAYS_SEARCH_USER_PATHS = NO;
				CLANG_ANALYZER_NONNULL = YES;
				CLANG_ANALYZER_NUMBER_OBJECT_CONVERSION = YES_AGGRESSIVE;
				CLANG_CXX_LANGUAGE_STANDARD = "gnu++14";
				CLANG_CXX_LIBRARY = "libc++";
				CLANG_ENABLE_MODULES = YES;
				CLANG_ENABLE_OBJC_ARC = YES;
				CLANG_ENABLE_OBJC_WEAK = YES;
				CLANG_WARN_BLOCK_CAPTURE_AUTORELEASING = YES;
				CLANG_WARN_BOOL_CONVERSION = YES;
				CLANG_WARN_COMMA = YES;
				CLANG_WARN_CONSTANT_CONVERSION = YES;
				CLANG_WARN_DEPRECATED_OBJC_IMPLEMENTATIONS = YES;
				CLANG_WARN_DIRECT_OBJC_ISA_USAGE = YES_ERROR;
				CLANG_WARN_DOCUMENTATION_COMMENTS = YES;
				CLANG_WARN_EMPTY_BODY = YES;
				CLANG_WARN_ENUM_CONVERSION = YES;
				CLANG_WARN_INFINITE_RECURSION = YES;
				CLANG_WARN_INT_CONVERSION = YES;
				CLANG_WARN_NON_LITERAL_NULL_CONVERSION = YES;
				CLANG_WARN_OBJC_IMPLICIT_RETAIN_SELF = YES;
				CLANG_WARN_OBJC_LITERAL_CONVERSION = YES;
				CLANG_WARN_OBJC_ROOT_CLASS = YES_ERROR;
				CLANG_WARN_QUOTED_INCLUDE_IN_FRAMEWORK_HEADER = YES;
				CLANG_WARN_RANGE_LOOP_ANALYSIS = YES;
				CLANG_WARN_STRICT_PROTOTYPES = YES;
				CLANG_WARN_SUSPICIOUS_MOVE = YES;
				CLANG_WARN_UNGUARDED_AVAILABILITY = YES_AGGRESSIVE;
				CLANG_WARN_UNREACHABLE_CODE = YES;
				CLANG_WARN__DUPLICATE_METHOD_MATCH = YES;
				COPY_PHASE_STRIP = NO;
				DEBUG_INFORMATION_FORMAT = "dwarf-with-dsym";
				ENABLE_NS_ASSERTIONS = NO;
				ENABLE_STRICT_OBJC_MSGSEND = YES;
				GCC_C_LANGUAGE_STANDARD = gnu11;
				GCC_NO_COMMON_BLOCKS = YES;
				GCC_WARN_64_TO_32_BIT_CONVERSION = YES;
				GCC_WARN_ABOUT_RETURN_TYPE = YES_ERROR;
				GCC_WARN_UNDECLARED_SELECTOR = YES;
				GCC_WARN_UNINITIALIZED_AUTOS = YES_AGGRESSIVE;
				GCC_WARN_UNUSED_FUNCTION = YES;
				GCC_WARN_UNUSED_VARIABLE = YES;
				IPHONEOS_DEPLOYMENT_TARGET = 15.0;
				MTL_ENABLE_DEBUG_INFO = NO;
				MTL_FAST_MATH = YES;
				SDKROOT = iphoneos;
				SWIFT_COMPILATION_MODE = wholemodule;
				SWIFT_OPTIMIZATION_LEVEL = "-O";
				VALIDATE_PRODUCT = YES;
			};
			name = Release;
		};
		89070C9726979BE300DD632A /* Debug */ = {
			isa = XCBuildConfiguration;
			buildSettings = {
				ASSETCATALOG_COMPILER_APPICON_NAME = AppIcon;
				ASSETCATALOG_COMPILER_GLOBAL_ACCENT_COLOR_NAME = AccentColor;
				CODE_SIGN_STYLE = Automatic;
				CURRENT_PROJECT_VERSION = 1;
				DEVELOPMENT_ASSET_PATHS = "\"WLED Swift/Preview Content\"";
				DEVELOPMENT_TEAM = U3CH3X8GK4;
				ENABLE_PREVIEWS = YES;
				GENERATE_INFOPLIST_FILE = YES;
				INFOPLIST_FILE = "WLED-Swift-Info.plist";
				INFOPLIST_KEY_CFBundleExecutable = "WLED Swift";
				INFOPLIST_KEY_CFBundleName = "WLED Swift";
				INFOPLIST_KEY_CFBundleVersion = 1;
				INFOPLIST_KEY_UIApplicationSceneManifest_Generation = YES;
				INFOPLIST_KEY_UIApplicationSupportsIndirectInputEvents = YES;
				INFOPLIST_KEY_UILaunchScreen_Generation = YES;
				INFOPLIST_KEY_UISupportedInterfaceOrientations_iPad = "UIInterfaceOrientationPortrait UIInterfaceOrientationPortraitUpsideDown UIInterfaceOrientationLandscapeLeft UIInterfaceOrientationLandscapeRight";
				INFOPLIST_KEY_UISupportedInterfaceOrientations_iPhone = "UIInterfaceOrientationPortrait UIInterfaceOrientationLandscapeLeft UIInterfaceOrientationLandscapeRight";
				IPHONEOS_DEPLOYMENT_TARGET = 15.0;
				LD_RUNPATH_SEARCH_PATHS = (
					"$(inherited)",
					"@executable_path/Frameworks",
				);
				MARKETING_VERSION = 1.0;
				PRODUCT_BUNDLE_IDENTIFIER = "nl.wissehes.test.WLED-Swift";
				PRODUCT_NAME = "$(TARGET_NAME)";
				SWIFT_EMIT_LOC_STRINGS = YES;
				SWIFT_VERSION = 5.0;
				TARGETED_DEVICE_FAMILY = "1,2";
			};
			name = Debug;
		};
		89070C9826979BE300DD632A /* Release */ = {
			isa = XCBuildConfiguration;
			buildSettings = {
				ASSETCATALOG_COMPILER_APPICON_NAME = AppIcon;
				ASSETCATALOG_COMPILER_GLOBAL_ACCENT_COLOR_NAME = AccentColor;
				CODE_SIGN_STYLE = Automatic;
				CURRENT_PROJECT_VERSION = 1;
				DEVELOPMENT_ASSET_PATHS = "\"WLED Swift/Preview Content\"";
				DEVELOPMENT_TEAM = U3CH3X8GK4;
				ENABLE_PREVIEWS = YES;
				GENERATE_INFOPLIST_FILE = YES;
				INFOPLIST_FILE = "WLED-Swift-Info.plist";
				INFOPLIST_KEY_CFBundleExecutable = "WLED Swift";
				INFOPLIST_KEY_CFBundleName = "WLED Swift";
				INFOPLIST_KEY_CFBundleVersion = 1;
				INFOPLIST_KEY_UIApplicationSceneManifest_Generation = YES;
				INFOPLIST_KEY_UIApplicationSupportsIndirectInputEvents = YES;
				INFOPLIST_KEY_UILaunchScreen_Generation = YES;
				INFOPLIST_KEY_UISupportedInterfaceOrientations_iPad = "UIInterfaceOrientationPortrait UIInterfaceOrientationPortraitUpsideDown UIInterfaceOrientationLandscapeLeft UIInterfaceOrientationLandscapeRight";
				INFOPLIST_KEY_UISupportedInterfaceOrientations_iPhone = "UIInterfaceOrientationPortrait UIInterfaceOrientationLandscapeLeft UIInterfaceOrientationLandscapeRight";
				IPHONEOS_DEPLOYMENT_TARGET = 15.0;
				LD_RUNPATH_SEARCH_PATHS = (
					"$(inherited)",
					"@executable_path/Frameworks",
				);
				MARKETING_VERSION = 1.0;
				PRODUCT_BUNDLE_IDENTIFIER = "nl.wissehes.test.WLED-Swift";
				PRODUCT_NAME = "$(TARGET_NAME)";
				SWIFT_EMIT_LOC_STRINGS = YES;
				SWIFT_VERSION = 5.0;
				TARGETED_DEVICE_FAMILY = "1,2";
			};
			name = Release;
		};
/* End XCBuildConfiguration section */

/* Begin XCConfigurationList section */
		89070C8326979BE000DD632A /* Build configuration list for PBXProject "WLED Swift" */ = {
			isa = XCConfigurationList;
			buildConfigurations = (
				89070C9426979BE300DD632A /* Debug */,
				89070C9526979BE300DD632A /* Release */,
			);
			defaultConfigurationIsVisible = 0;
			defaultConfigurationName = Release;
		};
		89070C9626979BE300DD632A /* Build configuration list for PBXNativeTarget "WLED Swift" */ = {
			isa = XCConfigurationList;
			buildConfigurations = (
				89070C9726979BE300DD632A /* Debug */,
				89070C9826979BE300DD632A /* Release */,
			);
			defaultConfigurationIsVisible = 0;
			defaultConfigurationName = Release;
		};
/* End XCConfigurationList section */

/* Begin XCRemoteSwiftPackageReference section */
		8911CDDA2700AC58001B2901 /* XCRemoteSwiftPackageReference "Alamofire" */ = {
			isa = XCRemoteSwiftPackageReference;
			repositoryURL = "https://github.com/Alamofire/Alamofire.git";
			requirement = {
				kind = upToNextMajorVersion;
				minimumVersion = 5.0.0;
			};
		};
/* End XCRemoteSwiftPackageReference section */

/* Begin XCSwiftPackageProductDependency section */
		8911CDDB2700AC58001B2901 /* Alamofire */ = {
			isa = XCSwiftPackageProductDependency;
			package = 8911CDDA2700AC58001B2901 /* XCRemoteSwiftPackageReference "Alamofire" */;
			productName = Alamofire;
		};
/* End XCSwiftPackageProductDependency section */
	};
	rootObject = 89070C8026979BE000DD632A /* Project object */;
}
